
Microsoft Visual Studio Solution File, Format Version 12.00
# Visual Studio Version 17
VisualStudioVersion = 17.9.34622.214
MinimumVisualStudioVersion = 10.0.40219.1
Project("{FAE04EC0-301F-11D3-BF4B-00C04F79EFBC}") = "ChessBoardGuiApp", "ChessBoardGuiApp\ChessBoardGuiApp.csproj", "{35C9E648-A52D-420F-9ED5-068F79A29AA6}"
EndProject
Project("{9A19103F-16F7-4668-BE54-9A1E7A4F7556}") = "ChessBoardModel", "..\ChessBoardConsoleApp\ChessBoardModel\ChessBoardModel.csproj", "{AFC83F0C-B716-4D49-9DE8-E0AB62020E2A}"
EndProject
Global
	GlobalSection(SolutionConfigurationPlatforms) = preSolution
		Debug|Any CPU = Debug|Any CPU
		Release|Any CPU = Release|Any CPU
	EndGlobalSection
	GlobalSection(ProjectConfigurationPlatforms) = postSolution
		{35C9E648-A52D-420F-9ED5-068F79A29AA6}.Debug|Any CPU.ActiveCfg = Debug|Any CPU
		{35C9E648-A52D-420F-9ED5-068F79A29AA6}.Debug|Any CPU.Build.0 = Debug|Any CPU
		{35C9E648-A52D-420F-9ED5-068F79A29AA6}.Release|Any CPU.ActiveCfg = Release|Any CPU
		{35C9E648-A52D-420F-9ED5-068F79A29AA6}.Release|Any CPU.Build.0 = Release|Any CPU
		{AFC83F0C-B716-4D49-9DE8-E0AB62020E2A}.Debug|Any CPU.ActiveCfg = Debug|Any CPU
		{AFC83F0C-B716-4D49-9DE8-E0AB62020E2A}.Debug|Any CPU.Build.0 = Debug|Any CPU
		{AFC83F0C-B716-4D49-9DE8-E0AB62020E2A}.Release|Any CPU.ActiveCfg = Release|Any CPU
		{AFC83F0C-B716-4D49-9DE8-E0AB62020E2A}.Release|Any CPU.Build.0 = Release|Any CPU
	EndGlobalSection
	GlobalSection(SolutionProperties) = preSolution
		HideSolutionNode = FALSE
	EndGlobalSection
	GlobalSection(ExtensibilityGlobals) = postSolution
		SolutionGuid = {7A40AFB7-EC7D-4FA7-9B22-B9EC83D0EE6F}
	EndGlobalSection
EndGlobal
