
Microsoft Visual Studio Solution File, Format Version 12.00
# Visual Studio Version 17
VisualStudioVersion = 17.5.33424.131
MinimumVisualStudioVersion = 10.0.40219.1
Project("{FAE04EC0-301F-11D3-BF4B-00C04F79EFBC}") = "CST_250_Activity_5", "Wack/CST_250_Activity_5.csproj", "{508170D6-4F55-4EA2-B2D5-5BF56C8C38F7}"
EndProject
Global
	GlobalSection(SolutionConfigurationPlatforms) = preSolution
		Debug|Any CPU = Debug|Any CPU
		Release|Any CPU = Release|Any CPU
	EndGlobalSection
	GlobalSection(ProjectConfigurationPlatforms) = postSolution
		{508170D6-4F55-4EA2-B2D5-5BF56C8C38F7}.Debug|Any CPU.ActiveCfg = Debug|Any CPU
		{508170D6-4F55-4EA2-B2D5-5BF56C8C38F7}.Debug|Any CPU.Build.0 = Debug|Any CPU
		{508170D6-4F55-4EA2-B2D5-5BF56C8C38F7}.Release|Any CPU.ActiveCfg = Release|Any CPU
		{508170D6-4F55-4EA2-B2D5-5BF56C8C38F7}.Release|Any CPU.Build.0 = Release|Any CPU
	EndGlobalSection
	GlobalSection(SolutionProperties) = preSolution
		HideSolutionNode = FALSE
	EndGlobalSection
	GlobalSection(ExtensibilityGlobals) = postSolution
		SolutionGuid = {5F5E2529-3CC9-44FB-82FC-E698769D9111}
	EndGlobalSection
EndGlobal
